// !$*UTF8*$!
{
	archiveVersion = 1;
	classes = {
	};
	objectVersion = 56;
	objects = {

/* Begin PBXBuildFile section */
		EEA9EB5A2BCE23A80040EEAD /* PillTrackerApp.swift in Sources */ = {isa = PBXBuildFile; fileRef = EEA9EB592BCE23A80040EEAD /* PillTrackerApp.swift */; };
		EEA9EB5C2BCE23A80040EEAD /* ContentView.swift in Sources */ = {isa = PBXBuildFile; fileRef = EEA9EB5B2BCE23A80040EEAD /* ContentView.swift */; };
		EEA9EB5E2BCE23AA0040EEAD /* Assets.xcassets in Resources */ = {isa = PBXBuildFile; fileRef = EEA9EB5D2BCE23AA0040EEAD /* Assets.xcassets */; };
		EEA9EB612BCE23AA0040EEAD /* Preview Assets.xcassets in Resources */ = {isa = PBXBuildFile; fileRef = EEA9EB602BCE23AA0040EEAD /* Preview Assets.xcassets */; };
		EEA9EB682BCE23C40040EEAD /* Pill.swift in Sources */ = {isa = PBXBuildFile; fileRef = EEA9EB672BCE23C40040EEAD /* Pill.swift */; };
		EEA9EB6A2BCE243A0040EEAD /* Pills.swift in Sources */ = {isa = PBXBuildFile; fileRef = EEA9EB692BCE243A0040EEAD /* Pills.swift */; };
		EEA9EB6C2BCE24B50040EEAD /* AddPill.swift in Sources */ = {isa = PBXBuildFile; fileRef = EEA9EB6B2BCE24B50040EEAD /* AddPill.swift */; };
		EEA9EB6E2BCE25470040EEAD /* PillView.swift in Sources */ = {isa = PBXBuildFile; fileRef = EEA9EB6D2BCE25470040EEAD /* PillView.swift */; };
/* End PBXBuildFile section */

/* Begin PBXFileReference section */
		EE9D61602BCF3E4A001CD27C /* Info.plist */ = {isa = PBXFileReference; lastKnownFileType = text.plist; path = Info.plist; sourceTree = "<group>"; };
		EEA9EB562BCE23A80040EEAD /* PillTracker.app */ = {isa = PBXFileReference; explicitFileType = wrapper.application; includeInIndex = 0; path = PillTracker.app; sourceTree = BUILT_PRODUCTS_DIR; };
		EEA9EB592BCE23A80040EEAD /* PillTrackerApp.swift */ = {isa = PBXFileReference; lastKnownFileType = sourcecode.swift; path = PillTrackerApp.swift; sourceTree = "<group>"; };
		EEA9EB5B2BCE23A80040EEAD /* ContentView.swift */ = {isa = PBXFileReference; lastKnownFileType = sourcecode.swift; path = ContentView.swift; sourceTree = "<group>"; };
		EEA9EB5D2BCE23AA0040EEAD /* Assets.xcassets */ = {isa = PBXFileReference; lastKnownFileType = folder.assetcatalog; path = Assets.xcassets; sourceTree = "<group>"; };
		EEA9EB602BCE23AA0040EEAD /* Preview Assets.xcassets */ = {isa = PBXFileReference; lastKnownFileType = folder.assetcatalog; path = "Preview Assets.xcassets"; sourceTree = "<group>"; };
		EEA9EB672BCE23C40040EEAD /* Pill.swift */ = {isa = PBXFileReference; lastKnownFileType = sourcecode.swift; path = Pill.swift; sourceTree = "<group>"; };
		EEA9EB692BCE243A0040EEAD /* Pills.swift */ = {isa = PBXFileReference; lastKnownFileType = sourcecode.swift; path = Pills.swift; sourceTree = "<group>"; };
		EEA9EB6B2BCE24B50040EEAD /* AddPill.swift */ = {isa = PBXFileReference; lastKnownFileType = sourcecode.swift; path = AddPill.swift; sourceTree = "<group>"; };
		EEA9EB6D2BCE25470040EEAD /* PillView.swift */ = {isa = PBXFileReference; lastKnownFileType = sourcecode.swift; path = PillView.swift; sourceTree = "<group>"; };
/* End PBXFileReference section */

/* Begin PBXFrameworksBuildPhase section */
		EEA9EB532BCE23A80040EEAD /* Frameworks */ = {
			isa = PBXFrameworksBuildPhase;
			buildActionMask = 2147483647;
			files = (
			);
			runOnlyForDeploymentPostprocessing = 0;
		};
/* End PBXFrameworksBuildPhase section */

/* Begin PBXGroup section */
		EEA9EB4D2BCE23A80040EEAD = {
			isa = PBXGroup;
			children = (
				EEA9EB582BCE23A80040EEAD /* PillTracker */,
				EEA9EB572BCE23A80040EEAD /* Products */,
			);
			sourceTree = "<group>";
		};
		EEA9EB572BCE23A80040EEAD /* Products */ = {
			isa = PBXGroup;
			children = (
				EEA9EB562BCE23A80040EEAD /* PillTracker.app */,
			);
			name = Products;
			sourceTree = "<group>";
		};
		EEA9EB582BCE23A80040EEAD /* PillTracker */ = {
			isa = PBXGroup;
			children = (
				EE9D61602BCF3E4A001CD27C /* Info.plist */,
				EEA9EB592BCE23A80040EEAD /* PillTrackerApp.swift */,
				EEA9EB5B2BCE23A80040EEAD /* ContentView.swift */,
				EEA9EB672BCE23C40040EEAD /* Pill.swift */,
				EEA9EB692BCE243A0040EEAD /* Pills.swift */,
				EEA9EB6B2BCE24B50040EEAD /* AddPill.swift */,
				EEA9EB6D2BCE25470040EEAD /* PillView.swift */,
				EEA9EB5D2BCE23AA0040EEAD /* Assets.xcassets */,
				EEA9EB5F2BCE23AA0040EEAD /* Preview Content */,
			);
			path = PillTracker;
			sourceTree = "<group>";
		};
		EEA9EB5F2BCE23AA0040EEAD /* Preview Content */ = {
			isa = PBXGroup;
			children = (
				EEA9EB602BCE23AA0040EEAD /* Preview Assets.xcassets */,
			);
			path = "Preview Content";
			sourceTree = "<group>";
		};
/* End PBXGroup section */

/* Begin PBXNativeTarget section */
		EEA9EB552BCE23A80040EEAD /* PillTracker */ = {
			isa = PBXNativeTarget;
			buildConfigurationList = EEA9EB642BCE23AA0040EEAD /* Build configuration list for PBXNativeTarget "PillTracker" */;
			buildPhases = (
				EEA9EB522BCE23A80040EEAD /* Sources */,
				EEA9EB532BCE23A80040EEAD /* Frameworks */,
				EEA9EB542BCE23A80040EEAD /* Resources */,
			);
			buildRules = (
			);
			dependencies = (
			);
			name = PillTracker;
			productName = PillTracker;
			productReference = EEA9EB562BCE23A80040EEAD /* PillTracker.app */;
			productType = "com.apple.product-type.application";
		};
/* End PBXNativeTarget section */

/* Begin PBXProject section */
		EEA9EB4E2BCE23A80040EEAD /* Project object */ = {
			isa = PBXProject;
			attributes = {
				BuildIndependentTargetsInParallel = 1;
				LastSwiftUpdateCheck = 1520;
				LastUpgradeCheck = 1520;
				TargetAttributes = {
					EEA9EB552BCE23A80040EEAD = {
						CreatedOnToolsVersion = 15.2;
					};
				};
			};
			buildConfigurationList = EEA9EB512BCE23A80040EEAD /* Build configuration list for PBXProject "PillTracker" */;
			compatibilityVersion = "Xcode 14.0";
			developmentRegion = en;
			hasScannedForEncodings = 0;
			knownRegions = (
				en,
				Base,
			);
			mainGroup = EEA9EB4D2BCE23A80040EEAD;
			productRefGroup = EEA9EB572BCE23A80040EEAD /* Products */;
			projectDirPath = "";
			projectRoot = "";
			targets = (
				EEA9EB552BCE23A80040EEAD /* PillTracker */,
			);
		};
/* End PBXProject section */

/* Begin PBXResourcesBuildPhase section */
		EEA9EB542BCE23A80040EEAD /* Resources */ = {
			isa = PBXResourcesBuildPhase;
			buildActionMask = 2147483647;
			files = (
				EEA9EB612BCE23AA0040EEAD /* Preview Assets.xcassets in Resources */,
				EEA9EB5E2BCE23AA0040EEAD /* Assets.xcassets in Resources */,
			);
			runOnlyForDeploymentPostprocessing = 0;
		};
/* End PBXResourcesBuildPhase section */

/* Begin PBXSourcesBuildPhase section */
		EEA9EB522BCE23A80040EEAD /* Sources */ = {
			isa = PBXSourcesBuildPhase;
			buildActionMask = 2147483647;
			files = (
				EEA9EB682BCE23C40040EEAD /* Pill.swift in Sources */,
				EEA9EB6E2BCE25470040EEAD /* PillView.swift in Sources */,
				EEA9EB5C2BCE23A80040EEAD /* ContentView.swift in Sources */,
				EEA9EB6A2BCE243A0040EEAD /* Pills.swift in Sources */,
				EEA9EB5A2BCE23A80040EEAD /* PillTrackerApp.swift in Sources */,
				EEA9EB6C2BCE24B50040EEAD /* AddPill.swift in Sources */,
			);
			runOnlyForDeploymentPostprocessing = 0;
		};
/* End PBXSourcesBuildPhase section */

/* Begin XCBuildConfiguration section */
		EEA9EB622BCE23AA0040EEAD /* Debug */ = {
			isa = XCBuildConfiguration;
			buildSettings = {
				ALWAYS_SEARCH_USER_PATHS = NO;
				ASSETCATALOG_COMPILER_GENERATE_SWIFT_ASSET_SYMBOL_EXTENSIONS = YES;
				CLANG_ANALYZER_NONNULL = YES;
				CLANG_ANALYZER_NUMBER_OBJECT_CONVERSION = YES_AGGRESSIVE;
				CLANG_CXX_LANGUAGE_STANDARD = "gnu++20";
				CLANG_ENABLE_MODULES = YES;
				CLANG_ENABLE_OBJC_ARC = YES;
				CLANG_ENABLE_OBJC_WEAK = YES;
				CLANG_WARN_BLOCK_CAPTURE_AUTORELEASING = YES;
				CLANG_WARN_BOOL_CONVERSION = YES;
				CLANG_WARN_COMMA = YES;
				CLANG_WARN_CONSTANT_CONVERSION = YES;
				CLANG_WARN_DEPRECATED_OBJC_IMPLEMENTATIONS = YES;
				CLANG_WARN_DIRECT_OBJC_ISA_USAGE = YES_ERROR;
				CLANG_WARN_DOCUMENTATION_COMMENTS = YES;
				CLANG_WARN_EMPTY_BODY = YES;
				CLANG_WARN_ENUM_CONVERSION = YES;
				CLANG_WARN_INFINITE_RECURSION = YES;
				CLANG_WARN_INT_CONVERSION = YES;
				CLANG_WARN_NON_LITERAL_NULL_CONVERSION = YES;
				CLANG_WARN_OBJC_IMPLICIT_RETAIN_SELF = YES;
				CLANG_WARN_OBJC_LITERAL_CONVERSION = YES;
				CLANG_WARN_OBJC_ROOT_CLASS = YES_ERROR;
				CLANG_WARN_QUOTED_INCLUDE_IN_FRAMEWORK_HEADER = YES;
				CLANG_WARN_RANGE_LOOP_ANALYSIS = YES;
				CLANG_WARN_STRICT_PROTOTYPES = YES;
				CLANG_WARN_SUSPICIOUS_MOVE = YES;
				CLANG_WARN_UNGUARDED_AVAILABILITY = YES_AGGRESSIVE;
				CLANG_WARN_UNREACHABLE_CODE = YES;
				CLANG_WARN__DUPLICATE_METHOD_MATCH = YES;
				COPY_PHASE_STRIP = NO;
				DEBUG_INFORMATION_FORMAT = dwarf;
				ENABLE_STRICT_OBJC_MSGSEND = YES;
				ENABLE_TESTABILITY = YES;
				ENABLE_USER_SCRIPT_SANDBOXING = YES;
				GCC_C_LANGUAGE_STANDARD = gnu17;
				GCC_DYNAMIC_NO_PIC = NO;
				GCC_NO_COMMON_BLOCKS = YES;
				GCC_OPTIMIZATION_LEVEL = 0;
				GCC_PREPROCESSOR_DEFINITIONS = (
					"DEBUG=1",
					"$(inherited)",
				);
				GCC_WARN_64_TO_32_BIT_CONVERSION = YES;
				GCC_WARN_ABOUT_RETURN_TYPE = YES_ERROR;
				GCC_WARN_UNDECLARED_SELECTOR = YES;
				GCC_WARN_UNINITIALIZED_AUTOS = YES_AGGRESSIVE;
				GCC_WARN_UNUSED_FUNCTION = YES;
				GCC_WARN_UNUSED_VARIABLE = YES;
				IPHONEOS_DEPLOYMENT_TARGET = 17.2;
				LOCALIZATION_PREFERS_STRING_CATALOGS = YES;
				MTL_ENABLE_DEBUG_INFO = INCLUDE_SOURCE;
				MTL_FAST_MATH = YES;
				ONLY_ACTIVE_ARCH = YES;
				SDKROOT = iphoneos;
				SWIFT_ACTIVE_COMPILATION_CONDITIONS = "DEBUG $(inherited)";
				SWIFT_OPTIMIZATION_LEVEL = "-Onone";
			};
			name = Debug;
		};
		EEA9EB632BCE23AA0040EEAD /* Release */ = {
			isa = XCBuildConfiguration;
			buildSettings = {
				ALWAYS_SEARCH_USER_PATHS = NO;
				ASSETCATALOG_COMPILER_GENERATE_SWIFT_ASSET_SYMBOL_EXTENSIONS = YES;
				CLANG_ANALYZER_NONNULL = YES;
				CLANG_ANALYZER_NUMBER_OBJECT_CONVERSION = YES_AGGRESSIVE;
				CLANG_CXX_LANGUAGE_STANDARD = "gnu++20";
				CLANG_ENABLE_MODULES = YES;
				CLANG_ENABLE_OBJC_ARC = YES;
				CLANG_ENABLE_OBJC_WEAK = YES;
				CLANG_WARN_BLOCK_CAPTURE_AUTORELEASING = YES;
				CLANG_WARN_BOOL_CONVERSION = YES;
				CLANG_WARN_COMMA = YES;
				CLANG_WARN_CONSTANT_CONVERSION = YES;
				CLANG_WARN_DEPRECATED_OBJC_IMPLEMENTATIONS = YES;
				CLANG_WARN_DIRECT_OBJC_ISA_USAGE = YES_ERROR;
				CLANG_WARN_DOCUMENTATION_COMMENTS = YES;
				CLANG_WARN_EMPTY_BODY = YES;
				CLANG_WARN_ENUM_CONVERSION = YES;
				CLANG_WARN_INFINITE_RECURSION = YES;
				CLANG_WARN_INT_CONVERSION = YES;
				CLANG_WARN_NON_LITERAL_NULL_CONVERSION = YES;
				CLANG_WARN_OBJC_IMPLICIT_RETAIN_SELF = YES;
				CLANG_WARN_OBJC_LITERAL_CONVERSION = YES;
				CLANG_WARN_OBJC_ROOT_CLASS = YES_ERROR;
				CLANG_WARN_QUOTED_INCLUDE_IN_FRAMEWORK_HEADER = YES;
				CLANG_WARN_RANGE_LOOP_ANALYSIS = YES;
				CLANG_WARN_STRICT_PROTOTYPES = YES;
				CLANG_WARN_SUSPICIOUS_MOVE = YES;
				CLANG_WARN_UNGUARDED_AVAILABILITY = YES_AGGRESSIVE;
				CLANG_WARN_UNREACHABLE_CODE = YES;
				CLANG_WARN__DUPLICATE_METHOD_MATCH = YES;
				COPY_PHASE_STRIP = NO;
				DEBUG_INFORMATION_FORMAT = "dwarf-with-dsym";
				ENABLE_NS_ASSERTIONS = NO;
				ENABLE_STRICT_OBJC_MSGSEND = YES;
				ENABLE_USER_SCRIPT_SANDBOXING = YES;
				GCC_C_LANGUAGE_STANDARD = gnu17;
				GCC_NO_COMMON_BLOCKS = YES;
				GCC_WARN_64_TO_32_BIT_CONVERSION = YES;
				GCC_WARN_ABOUT_RETURN_TYPE = YES_ERROR;
				GCC_WARN_UNDECLARED_SELECTOR = YES;
				GCC_WARN_UNINITIALIZED_AUTOS = YES_AGGRESSIVE;
				GCC_WARN_UNUSED_FUNCTION = YES;
				GCC_WARN_UNUSED_VARIABLE = YES;
				IPHONEOS_DEPLOYMENT_TARGET = 17.2;
				LOCALIZATION_PREFERS_STRING_CATALOGS = YES;
				MTL_ENABLE_DEBUG_INFO = NO;
				MTL_FAST_MATH = YES;
				SDKROOT = iphoneos;
				SWIFT_COMPILATION_MODE = wholemodule;
				VALIDATE_PRODUCT = YES;
			};
			name = Release;
		};
		EEA9EB652BCE23AA0040EEAD /* Debug */ = {
			isa = XCBuildConfiguration;
			buildSettings = {
				ASSETCATALOG_COMPILER_APPICON_NAME = AppIcon;
				ASSETCATALOG_COMPILER_GLOBAL_ACCENT_COLOR_NAME = AccentColor;
				CODE_SIGN_STYLE = Automatic;
				CURRENT_PROJECT_VERSION = 1;
				DEVELOPMENT_ASSET_PATHS = "\"PillTracker/Preview Content\"";
				DEVELOPMENT_TEAM = X7892LLAZC;
				ENABLE_PREVIEWS = YES;
				GENERATE_INFOPLIST_FILE = YES;
				INFOPLIST_FILE = PillTracker/Info.plist;
				INFOPLIST_KEY_UIApplicationSceneManifest_Generation = YES;
				INFOPLIST_KEY_UIApplicationSupportsIndirectInputEvents = YES;
				INFOPLIST_KEY_UILaunchScreen_Generation = YES;
				INFOPLIST_KEY_UISupportedInterfaceOrientations_iPad = "UIInterfaceOrientationPortrait UIInterfaceOrientationPortraitUpsideDown UIInterfaceOrientationLandscapeLeft UIInterfaceOrientationLandscapeRight";
				INFOPLIST_KEY_UISupportedInterfaceOrientations_iPhone = "UIInterfaceOrientationPortrait UIInterfaceOrientationLandscapeLeft UIInterfaceOrientationLandscapeRight";
				LD_RUNPATH_SEARCH_PATHS = (
					"$(inherited)",
					"@executable_path/Frameworks",
				);
				MARKETING_VERSION = 1.0;
				PRODUCT_BUNDLE_IDENTIFIER = me.hu.oliver.PillTracker;
				PRODUCT_NAME = "$(TARGET_NAME)";
				SWIFT_EMIT_LOC_STRINGS = YES;
				SWIFT_VERSION = 5.0;
				TARGETED_DEVICE_FAMILY = "1,2";
			};
			name = Debug;
		};
		EEA9EB662BCE23AA0040EEAD /* Release */ = {
			isa = XCBuildConfiguration;
			buildSettings = {
				ASSETCATALOG_COMPILER_APPICON_NAME = AppIcon;
				ASSETCATALOG_COMPILER_GLOBAL_ACCENT_COLOR_NAME = AccentColor;
				CODE_SIGN_STYLE = Automatic;
				CURRENT_PROJECT_VERSION = 1;
				DEVELOPMENT_ASSET_PATHS = "\"PillTracker/Preview Content\"";
				DEVELOPMENT_TEAM = X7892LLAZC;
				ENABLE_PREVIEWS = YES;
				GENERATE_INFOPLIST_FILE = YES;
				INFOPLIST_FILE = PillTracker/Info.plist;
				INFOPLIST_KEY_UIApplicationSceneManifest_Generation = YES;
				INFOPLIST_KEY_UIApplicationSupportsIndirectInputEvents = YES;
				INFOPLIST_KEY_UILaunchScreen_Generation = YES;
				INFOPLIST_KEY_UISupportedInterfaceOrientations_iPad = "UIInterfaceOrientationPortrait UIInterfaceOrientationPortraitUpsideDown UIInterfaceOrientationLandscapeLeft UIInterfaceOrientationLandscapeRight";
				INFOPLIST_KEY_UISupportedInterfaceOrientations_iPhone = "UIInterfaceOrientationPortrait UIInterfaceOrientationLandscapeLeft UIInterfaceOrientationLandscapeRight";
				LD_RUNPATH_SEARCH_PATHS = (
					"$(inherited)",
					"@executable_path/Frameworks",
				);
				MARKETING_VERSION = 1.0;
				PRODUCT_BUNDLE_IDENTIFIER = me.hu.oliver.PillTracker;
				PRODUCT_NAME = "$(TARGET_NAME)";
				SWIFT_EMIT_LOC_STRINGS = YES;
				SWIFT_VERSION = 5.0;
				TARGETED_DEVICE_FAMILY = "1,2";
			};
			name = Release;
		};
/* End XCBuildConfiguration section */

/* Begin XCConfigurationList section */
		EEA9EB512BCE23A80040EEAD /* Build configuration list for PBXProject "PillTracker" */ = {
			isa = XCConfigurationList;
			buildConfigurations = (
				EEA9EB622BCE23AA0040EEAD /* Debug */,
				EEA9EB632BCE23AA0040EEAD /* Release */,
			);
			defaultConfigurationIsVisible = 0;
			defaultConfigurationName = Release;
		};
		EEA9EB642BCE23AA0040EEAD /* Build configuration list for PBXNativeTarget "PillTracker" */ = {
			isa = XCConfigurationList;
			buildConfigurations = (
				EEA9EB652BCE23AA0040EEAD /* Debug */,
				EEA9EB662BCE23AA0040EEAD /* Release */,
			);
			defaultConfigurationIsVisible = 0;
			defaultConfigurationName = Release;
		};
/* End XCConfigurationList section */
	};
	rootObject = EEA9EB4E2BCE23A80040EEAD /* Project object */;
}
